
Microsoft Visual Studio Solution File, Format Version 12.00
# Visual Studio 15
VisualStudioVersion = 15.0.28010.2036
MinimumVisualStudioVersion = 10.0.40219.1
Project("{FAE04EC0-301F-11D3-BF4B-00C04F79EFBC}") = "Website", "Website\Website.csproj", "{8B8A0FE2-1218-4770-BA66-0B8E92793EBC}"
EndProject
Global
	GlobalSection(SolutionConfigurationPlatforms) = preSolution
		Debug|Any CPU = Debug|Any CPU
		Release|Any CPU = Release|Any CPU
	EndGlobalSection
	GlobalSection(ProjectConfigurationPlatforms) = postSolution
		{8B8A0FE2-1218-4770-BA66-0B8E92793EBC}.Debug|Any CPU.ActiveCfg = Debug|Any CPU
		{8B8A0FE2-1218-4770-BA66-0B8E92793EBC}.Debug|Any CPU.Build.0 = Debug|Any CPU
		{8B8A0FE2-1218-4770-BA66-0B8E92793EBC}.Release|Any CPU.ActiveCfg = Release|Any CPU
		{8B8A0FE2-1218-4770-BA66-0B8E92793EBC}.Release|Any CPU.Build.0 = Release|Any CPU
	EndGlobalSection
	GlobalSection(SolutionProperties) = preSolution
		HideSolutionNode = FALSE
	EndGlobalSection
	GlobalSection(ExtensibilityGlobals) = postSolution
		SolutionGuid = {1E8896AC-E52F-449D-805C-76CA8DB94908}
	EndGlobalSection
EndGlobal
